
Microsoft Visual Studio Solution File, Format Version 12.00
# Visual Studio Version 17
VisualStudioVersion = 17.6.33723.286
MinimumVisualStudioVersion = 10.0.40219.1
Project("{9A19103F-16F7-4668-BE54-9A1E7A4F7556}") = "RabbitMQProducer", "RabbitMQProducer\RabbitMQProducer.csproj", "{13F48EC6-F999-440C-BF24-4BA8C3E669A6}"
EndProject
Project("{9A19103F-16F7-4668-BE54-9A1E7A4F7556}") = "RabbitMQConsumer", "RabbitMQConsumer\RabbitMQConsumer.csproj", "{4018F5C4-AC55-4584-95D0-C28C347A7A7B}"
EndProject
Project("{9A19103F-16F7-4668-BE54-9A1E7A4F7556}") = "RPCClient", "RPCClient\RPCClient.csproj", "{1AAA1975-DEFB-495C-9E3C-FCC41D33A397}"
EndProject
Project("{9A19103F-16F7-4668-BE54-9A1E7A4F7556}") = "RPCServer", "RPCServer\RPCServer.csproj", "{8C24E912-62D5-4641-A02D-5F0E32650FB7}"
EndProject
Project("{9A19103F-16F7-4668-BE54-9A1E7A4F7556}") = "NewTask", "NewTask\NewTask.csproj", "{03AA491A-5FF1-40A1-9BD8-31BFF1A27B4F}"
EndProject
Project("{9A19103F-16F7-4668-BE54-9A1E7A4F7556}") = "Worker", "Worker\Worker.csproj", "{038827D2-3235-42E8-9F90-5FC766CC96B2}"
EndProject
Project("{9A19103F-16F7-4668-BE54-9A1E7A4F7556}") = "EmitLog", "EmitLog\EmitLog.csproj", "{E1DF091B-BCBD-4BBD-B1D3-436723D1CB07}"
EndProject
Project("{9A19103F-16F7-4668-BE54-9A1E7A4F7556}") = "ReceiveLogs", "ReceiveLogs\ReceiveLogs.csproj", "{C6452FBF-1C3E-4742-927C-EA59BCE557EE}"
EndProject
Project("{9A19103F-16F7-4668-BE54-9A1E7A4F7556}") = "EmitLogDirect", "EmitLogDirect\EmitLogDirect.csproj", "{591FD103-143D-40E9-B5F7-A12CEF6755A5}"
EndProject
Project("{9A19103F-16F7-4668-BE54-9A1E7A4F7556}") = "ReceiveLogsDirect", "ReceiveLogsDirect\ReceiveLogsDirect.csproj", "{010DD386-0ABA-42E7-84AD-311DAB7386D9}"
EndProject
Project("{FAE04EC0-301F-11D3-BF4B-00C04F79EFBC}") = "EmitLogTopic", "EmitLogTopic\EmitLogTopic.csproj", "{408D6B9A-25E0-4127-9D5D-99169F373730}"
EndProject
Project("{FAE04EC0-301F-11D3-BF4B-00C04F79EFBC}") = "ReceiveLogsTopic", "ReceiveLogsTopic\ReceiveLogsTopic.csproj", "{4B4365E4-07C1-4B20-A195-68BECEA03D6E}"
EndProject
Global
	GlobalSection(SolutionConfigurationPlatforms) = preSolution
		Debug|Any CPU = Debug|Any CPU
		Release|Any CPU = Release|Any CPU
	EndGlobalSection
	GlobalSection(ProjectConfigurationPlatforms) = postSolution
		{13F48EC6-F999-440C-BF24-4BA8C3E669A6}.Debug|Any CPU.ActiveCfg = Debug|Any CPU
		{13F48EC6-F999-440C-BF24-4BA8C3E669A6}.Debug|Any CPU.Build.0 = Debug|Any CPU
		{13F48EC6-F999-440C-BF24-4BA8C3E669A6}.Release|Any CPU.ActiveCfg = Release|Any CPU
		{13F48EC6-F999-440C-BF24-4BA8C3E669A6}.Release|Any CPU.Build.0 = Release|Any CPU
		{4018F5C4-AC55-4584-95D0-C28C347A7A7B}.Debug|Any CPU.ActiveCfg = Debug|Any CPU
		{4018F5C4-AC55-4584-95D0-C28C347A7A7B}.Debug|Any CPU.Build.0 = Debug|Any CPU
		{4018F5C4-AC55-4584-95D0-C28C347A7A7B}.Release|Any CPU.ActiveCfg = Release|Any CPU
		{4018F5C4-AC55-4584-95D0-C28C347A7A7B}.Release|Any CPU.Build.0 = Release|Any CPU
		{1AAA1975-DEFB-495C-9E3C-FCC41D33A397}.Debug|Any CPU.ActiveCfg = Debug|Any CPU
		{1AAA1975-DEFB-495C-9E3C-FCC41D33A397}.Debug|Any CPU.Build.0 = Debug|Any CPU
		{1AAA1975-DEFB-495C-9E3C-FCC41D33A397}.Release|Any CPU.ActiveCfg = Release|Any CPU
		{1AAA1975-DEFB-495C-9E3C-FCC41D33A397}.Release|Any CPU.Build.0 = Release|Any CPU
		{8C24E912-62D5-4641-A02D-5F0E32650FB7}.Debug|Any CPU.ActiveCfg = Debug|Any CPU
		{8C24E912-62D5-4641-A02D-5F0E32650FB7}.Debug|Any CPU.Build.0 = Debug|Any CPU
		{8C24E912-62D5-4641-A02D-5F0E32650FB7}.Release|Any CPU.ActiveCfg = Release|Any CPU
		{8C24E912-62D5-4641-A02D-5F0E32650FB7}.Release|Any CPU.Build.0 = Release|Any CPU
		{03AA491A-5FF1-40A1-9BD8-31BFF1A27B4F}.Debug|Any CPU.ActiveCfg = Debug|Any CPU
		{03AA491A-5FF1-40A1-9BD8-31BFF1A27B4F}.Debug|Any CPU.Build.0 = Debug|Any CPU
		{03AA491A-5FF1-40A1-9BD8-31BFF1A27B4F}.Release|Any CPU.ActiveCfg = Release|Any CPU
		{03AA491A-5FF1-40A1-9BD8-31BFF1A27B4F}.Release|Any CPU.Build.0 = Release|Any CPU
		{038827D2-3235-42E8-9F90-5FC766CC96B2}.Debug|Any CPU.ActiveCfg = Debug|Any CPU
		{038827D2-3235-42E8-9F90-5FC766CC96B2}.Debug|Any CPU.Build.0 = Debug|Any CPU
		{038827D2-3235-42E8-9F90-5FC766CC96B2}.Release|Any CPU.ActiveCfg = Release|Any CPU
		{038827D2-3235-42E8-9F90-5FC766CC96B2}.Release|Any CPU.Build.0 = Release|Any CPU
		{E1DF091B-BCBD-4BBD-B1D3-436723D1CB07}.Debug|Any CPU.ActiveCfg = Debug|Any CPU
		{E1DF091B-BCBD-4BBD-B1D3-436723D1CB07}.Debug|Any CPU.Build.0 = Debug|Any CPU
		{E1DF091B-BCBD-4BBD-B1D3-436723D1CB07}.Release|Any CPU.ActiveCfg = Release|Any CPU
		{E1DF091B-BCBD-4BBD-B1D3-436723D1CB07}.Release|Any CPU.Build.0 = Release|Any CPU
		{C6452FBF-1C3E-4742-927C-EA59BCE557EE}.Debug|Any CPU.ActiveCfg = Debug|Any CPU
		{C6452FBF-1C3E-4742-927C-EA59BCE557EE}.Debug|Any CPU.Build.0 = Debug|Any CPU
		{C6452FBF-1C3E-4742-927C-EA59BCE557EE}.Release|Any CPU.ActiveCfg = Release|Any CPU
		{C6452FBF-1C3E-4742-927C-EA59BCE557EE}.Release|Any CPU.Build.0 = Release|Any CPU
		{591FD103-143D-40E9-B5F7-A12CEF6755A5}.Debug|Any CPU.ActiveCfg = Debug|Any CPU
		{591FD103-143D-40E9-B5F7-A12CEF6755A5}.Debug|Any CPU.Build.0 = Debug|Any CPU
		{591FD103-143D-40E9-B5F7-A12CEF6755A5}.Release|Any CPU.ActiveCfg = Release|Any CPU
		{591FD103-143D-40E9-B5F7-A12CEF6755A5}.Release|Any CPU.Build.0 = Release|Any CPU
		{010DD386-0ABA-42E7-84AD-311DAB7386D9}.Debug|Any CPU.ActiveCfg = Debug|Any CPU
		{010DD386-0ABA-42E7-84AD-311DAB7386D9}.Debug|Any CPU.Build.0 = Debug|Any CPU
		{010DD386-0ABA-42E7-84AD-311DAB7386D9}.Release|Any CPU.ActiveCfg = Release|Any CPU
		{010DD386-0ABA-42E7-84AD-311DAB7386D9}.Release|Any CPU.Build.0 = Release|Any CPU
		{408D6B9A-25E0-4127-9D5D-99169F373730}.Debug|Any CPU.ActiveCfg = Debug|Any CPU
		{408D6B9A-25E0-4127-9D5D-99169F373730}.Debug|Any CPU.Build.0 = Debug|Any CPU
		{408D6B9A-25E0-4127-9D5D-99169F373730}.Release|Any CPU.ActiveCfg = Release|Any CPU
		{408D6B9A-25E0-4127-9D5D-99169F373730}.Release|Any CPU.Build.0 = Release|Any CPU
		{4B4365E4-07C1-4B20-A195-68BECEA03D6E}.Debug|Any CPU.ActiveCfg = Debug|Any CPU
		{4B4365E4-07C1-4B20-A195-68BECEA03D6E}.Debug|Any CPU.Build.0 = Debug|Any CPU
		{4B4365E4-07C1-4B20-A195-68BECEA03D6E}.Release|Any CPU.ActiveCfg = Release|Any CPU
		{4B4365E4-07C1-4B20-A195-68BECEA03D6E}.Release|Any CPU.Build.0 = Release|Any CPU
	EndGlobalSection
	GlobalSection(SolutionProperties) = preSolution
		HideSolutionNode = FALSE
	EndGlobalSection
	GlobalSection(ExtensibilityGlobals) = postSolution
		SolutionGuid = {ADE4F67A-5756-4887-9B7F-729536DF0536}
	EndGlobalSection
EndGlobal
